
Microsoft Visual Studio Solution File, Format Version 12.00
# Visual Studio Version 17
VisualStudioVersion = 17.0.31903.59
MinimumVisualStudioVersion = 10.0.40219.1
Project("{2150E333-8FDC-42A3-9474-1A3956D46DE8}") = "UserAuthService.Api", "UserAuthService.Api", "{DDA42504-BB3E-0333-38E6-EE6C86147C41}"
EndProject
Project("{FAE04EC0-301F-11D3-BF4B-00C04F79EFBC}") = "UserAuthService.API", "UserAuthService.Api\UserAuthService.API.csproj", "{769DF7DE-4377-42DC-B6FB-328777DF5B8B}"
EndProject
Project("{FAE04EC0-301F-11D3-BF4B-00C04F79EFBC}") = "UserAuthService.Domain", "UserAuthService.Domain\UserAuthService.Domain.csproj", "{FA97D103-0FB3-4668-ACCD-EA439403839B}"
EndProject
Project("{FAE04EC0-301F-11D3-BF4B-00C04F79EFBC}") = "UserAuthService.Infrastructure", "UserAuthService.Infrastructure\UserAuthService.Infrastructure.csproj", "{700FD04C-4024-40D1-85D2-0B958B76F8E9}"
EndProject
Project("{FAE04EC0-301F-11D3-BF4B-00C04F79EFBC}") = "UserAuthService.Application", "UserAuthService.Application\UserAuthService.Application.csproj", "{0D5FD67E-2356-488C-B912-5C1167FF5878}"
EndProject
Project("{FAE04EC0-301F-11D3-BF4B-00C04F79EFBC}") = "UserAuthService.UI", "UserAuthService.UI\UserAuthService.UI.csproj", "{D4F8B3D2-EAB7-4E9C-BC13-203ED9DA2CF1}"
EndProject
Global
	GlobalSection(SolutionConfigurationPlatforms) = preSolution
		Debug|Any CPU = Debug|Any CPU
		Debug|x64 = Debug|x64
		Debug|x86 = Debug|x86
		Release|Any CPU = Release|Any CPU
		Release|x64 = Release|x64
		Release|x86 = Release|x86
	EndGlobalSection
	GlobalSection(ProjectConfigurationPlatforms) = postSolution
		{769DF7DE-4377-42DC-B6FB-328777DF5B8B}.Debug|Any CPU.ActiveCfg = Debug|Any CPU
		{769DF7DE-4377-42DC-B6FB-328777DF5B8B}.Debug|Any CPU.Build.0 = Debug|Any CPU
		{769DF7DE-4377-42DC-B6FB-328777DF5B8B}.Debug|x64.ActiveCfg = Debug|Any CPU
		{769DF7DE-4377-42DC-B6FB-328777DF5B8B}.Debug|x64.Build.0 = Debug|Any CPU
		{769DF7DE-4377-42DC-B6FB-328777DF5B8B}.Debug|x86.ActiveCfg = Debug|Any CPU
		{769DF7DE-4377-42DC-B6FB-328777DF5B8B}.Debug|x86.Build.0 = Debug|Any CPU
		{769DF7DE-4377-42DC-B6FB-328777DF5B8B}.Release|Any CPU.ActiveCfg = Release|Any CPU
		{769DF7DE-4377-42DC-B6FB-328777DF5B8B}.Release|Any CPU.Build.0 = Release|Any CPU
		{769DF7DE-4377-42DC-B6FB-328777DF5B8B}.Release|x64.ActiveCfg = Release|Any CPU
		{769DF7DE-4377-42DC-B6FB-328777DF5B8B}.Release|x64.Build.0 = Release|Any CPU
		{769DF7DE-4377-42DC-B6FB-328777DF5B8B}.Release|x86.ActiveCfg = Release|Any CPU
		{769DF7DE-4377-42DC-B6FB-328777DF5B8B}.Release|x86.Build.0 = Release|Any CPU
		{FA97D103-0FB3-4668-ACCD-EA439403839B}.Debug|Any CPU.ActiveCfg = Debug|Any CPU
		{FA97D103-0FB3-4668-ACCD-EA439403839B}.Debug|Any CPU.Build.0 = Debug|Any CPU
		{FA97D103-0FB3-4668-ACCD-EA439403839B}.Debug|x64.ActiveCfg = Debug|Any CPU
		{FA97D103-0FB3-4668-ACCD-EA439403839B}.Debug|x64.Build.0 = Debug|Any CPU
		{FA97D103-0FB3-4668-ACCD-EA439403839B}.Debug|x86.ActiveCfg = Debug|Any CPU
		{FA97D103-0FB3-4668-ACCD-EA439403839B}.Debug|x86.Build.0 = Debug|Any CPU
		{FA97D103-0FB3-4668-ACCD-EA439403839B}.Release|Any CPU.ActiveCfg = Release|Any CPU
		{FA97D103-0FB3-4668-ACCD-EA439403839B}.Release|Any CPU.Build.0 = Release|Any CPU
		{FA97D103-0FB3-4668-ACCD-EA439403839B}.Release|x64.ActiveCfg = Release|Any CPU
		{FA97D103-0FB3-4668-ACCD-EA439403839B}.Release|x64.Build.0 = Release|Any CPU
		{FA97D103-0FB3-4668-ACCD-EA439403839B}.Release|x86.ActiveCfg = Release|Any CPU
		{FA97D103-0FB3-4668-ACCD-EA439403839B}.Release|x86.Build.0 = Release|Any CPU
		{700FD04C-4024-40D1-85D2-0B958B76F8E9}.Debug|Any CPU.ActiveCfg = Debug|Any CPU
		{700FD04C-4024-40D1-85D2-0B958B76F8E9}.Debug|Any CPU.Build.0 = Debug|Any CPU
		{700FD04C-4024-40D1-85D2-0B958B76F8E9}.Debug|x64.ActiveCfg = Debug|Any CPU
		{700FD04C-4024-40D1-85D2-0B958B76F8E9}.Debug|x64.Build.0 = Debug|Any CPU
		{700FD04C-4024-40D1-85D2-0B958B76F8E9}.Debug|x86.ActiveCfg = Debug|Any CPU
		{700FD04C-4024-40D1-85D2-0B958B76F8E9}.Debug|x86.Build.0 = Debug|Any CPU
		{700FD04C-4024-40D1-85D2-0B958B76F8E9}.Release|Any CPU.ActiveCfg = Release|Any CPU
		{700FD04C-4024-40D1-85D2-0B958B76F8E9}.Release|Any CPU.Build.0 = Release|Any CPU
		{700FD04C-4024-40D1-85D2-0B958B76F8E9}.Release|x64.ActiveCfg = Release|Any CPU
		{700FD04C-4024-40D1-85D2-0B958B76F8E9}.Release|x64.Build.0 = Release|Any CPU
		{700FD04C-4024-40D1-85D2-0B958B76F8E9}.Release|x86.ActiveCfg = Release|Any CPU
		{700FD04C-4024-40D1-85D2-0B958B76F8E9}.Release|x86.Build.0 = Release|Any CPU
		{0D5FD67E-2356-488C-B912-5C1167FF5878}.Debug|Any CPU.ActiveCfg = Debug|Any CPU
		{0D5FD67E-2356-488C-B912-5C1167FF5878}.Debug|Any CPU.Build.0 = Debug|Any CPU
		{0D5FD67E-2356-488C-B912-5C1167FF5878}.Debug|x64.ActiveCfg = Debug|Any CPU
		{0D5FD67E-2356-488C-B912-5C1167FF5878}.Debug|x64.Build.0 = Debug|Any CPU
		{0D5FD67E-2356-488C-B912-5C1167FF5878}.Debug|x86.ActiveCfg = Debug|Any CPU
		{0D5FD67E-2356-488C-B912-5C1167FF5878}.Debug|x86.Build.0 = Debug|Any CPU
		{0D5FD67E-2356-488C-B912-5C1167FF5878}.Release|Any CPU.ActiveCfg = Release|Any CPU
		{0D5FD67E-2356-488C-B912-5C1167FF5878}.Release|Any CPU.Build.0 = Release|Any CPU
		{0D5FD67E-2356-488C-B912-5C1167FF5878}.Release|x64.ActiveCfg = Release|Any CPU
		{0D5FD67E-2356-488C-B912-5C1167FF5878}.Release|x64.Build.0 = Release|Any CPU
		{0D5FD67E-2356-488C-B912-5C1167FF5878}.Release|x86.ActiveCfg = Release|Any CPU
		{0D5FD67E-2356-488C-B912-5C1167FF5878}.Release|x86.Build.0 = Release|Any CPU
		{D4F8B3D2-EAB7-4E9C-BC13-203ED9DA2CF1}.Debug|Any CPU.ActiveCfg = Debug|Any CPU
		{D4F8B3D2-EAB7-4E9C-BC13-203ED9DA2CF1}.Debug|Any CPU.Build.0 = Debug|Any CPU
		{D4F8B3D2-EAB7-4E9C-BC13-203ED9DA2CF1}.Debug|x64.ActiveCfg = Debug|Any CPU
		{D4F8B3D2-EAB7-4E9C-BC13-203ED9DA2CF1}.Debug|x64.Build.0 = Debug|Any CPU
		{D4F8B3D2-EAB7-4E9C-BC13-203ED9DA2CF1}.Debug|x86.ActiveCfg = Debug|Any CPU
		{D4F8B3D2-EAB7-4E9C-BC13-203ED9DA2CF1}.Debug|x86.Build.0 = Debug|Any CPU
		{D4F8B3D2-EAB7-4E9C-BC13-203ED9DA2CF1}.Release|Any CPU.ActiveCfg = Release|Any CPU
		{D4F8B3D2-EAB7-4E9C-BC13-203ED9DA2CF1}.Release|Any CPU.Build.0 = Release|Any CPU
		{D4F8B3D2-EAB7-4E9C-BC13-203ED9DA2CF1}.Release|x64.ActiveCfg = Release|Any CPU
		{D4F8B3D2-EAB7-4E9C-BC13-203ED9DA2CF1}.Release|x64.Build.0 = Release|Any CPU
		{D4F8B3D2-EAB7-4E9C-BC13-203ED9DA2CF1}.Release|x86.ActiveCfg = Release|Any CPU
		{D4F8B3D2-EAB7-4E9C-BC13-203ED9DA2CF1}.Release|x86.Build.0 = Release|Any CPU
	EndGlobalSection
	GlobalSection(SolutionProperties) = preSolution
		HideSolutionNode = FALSE
	EndGlobalSection
	GlobalSection(NestedProjects) = preSolution
		{769DF7DE-4377-42DC-B6FB-328777DF5B8B} = {DDA42504-BB3E-0333-38E6-EE6C86147C41}
	EndGlobalSection
EndGlobal
